schema: '2.0'
stages:
  preprocess:
    cmd: python src/preprocessing.py
    deps:
    - path: save_data/x_test.parquet
      hash: md5
      md5: 46d1ef35bdf24c993e2475e4c7e466af
      size: 13265
    - path: save_data/x_train.parquet
      hash: md5
      md5: b3fbc4e86c87fa2c2484a7f3ffb1df69
      size: 18352
    - path: save_data/y_test.csv
      hash: md5
      md5: 9ca635fa373946260ae7677b90d2a9b1
      size: 173
    - path: save_data/y_train.csv
      hash: md5
      md5: 14148129664ce43fd62795740772a5ce
      size: 745
    - path: src/preprocessing.py
      hash: md5
      md5: 98a6635386fd0c9ddfc0e56bbb24394c
      size: 2063
    outs:
    - path: data/processed/pipeline.pkl
      hash: md5
      md5: 039de3648acc8d27c7cf13cd1178404b
      size: 2143
    - path: data/processed/processed_test_data.csv
      hash: md5
      md5: 4146b171585292f5dd7dae87093b3125
      size: 9395
    - path: data/processed/processed_train_data.csv
      hash: md5
      md5: da1491e6f76e8b7a58c5cd2ce7eb56d1
      size: 36674
